<?xml version="1.0" encoding="utf-8"?>
<Project ToolsVersion="4.0" xmlns="http://schemas.microsoft.com/developer/msbuild/2003">
  <ItemGroup>
    <Filter Include="Исходные файлы">
      <UniqueIdentifier>{4FC737F1-C7A5-4376-A066-2A32D752A2FF}</UniqueIdentifier>
      <Extensions>cpp;c;cc;cxx;c++;def;odl;idl;hpj;bat;asm;asmx</Extensions>
    </Filter>
    <Filter Include="Файлы ресурсов">
      <UniqueIdentifier>{67DA6AB6-F800-4c08-8B7A-83BB121AAD01}</UniqueIdentifier>
      <Extensions>rc;ico;cur;bmp;dlg;rc2;rct;bin;rgs;gif;jpg;jpeg;jpe;resx;tiff;tif;png;wav;mfcribbon-ms</Extensions>
    </Filter>
    <Filter Include="Файлы заголовков">
      <UniqueIdentifier>{93995380-89BD-4b04-88EB-625FBE52EBFB}</UniqueIdentifier>
      <Extensions>h;hh;hpp;hxx;h++;hm;inl;inc;ipp;xsd</Extensions>
    </Filter>
  </ItemGroup>
  <ItemGroup>
    <ClInclude Include="framework.h">
      <Filter>Файлы заголовков</Filter>
    </ClInclude>
    <ClInclude Include="inc\Compare.h">
      <Filter>Файлы заголовков</Filter>
    </ClInclude>
    <ClInclude Include="inc\Div.h">
      <Filter>Файлы заголовков</Filter>
    </ClInclude>
    <ClInclude Include="inc\Gcd.h">
      <Filter>Файлы заголовков</Filter>
    </ClInclude>
    <ClInclude Include="inc\Inverse.h">
      <Filter>Файлы заголовков</Filter>
    </ClInclude>
    <ClInclude Include="inc\IOInterface.h">
      <Filter>Файлы заголовков</Filter>
    </ClInclude>
    <ClInclude Include="inc\Mul.h">
      <Filter>Файлы заголовков</Filter>
    </ClInclude>
    <ClInclude Include="inc\NumIO.h">
      <Filter>Файлы заголовков</Filter>
    </ClInclude>
    <ClInclude Include="inc\ResultCode.h">
      <Filter>Файлы заголовков</Filter>
    </ClInclude>
    <ClInclude Include="inc\Shift.h">
      <Filter>Файлы заголовков</Filter>
    </ClInclude>
    <ClInclude Include="inc\Sqrt.h">
      <Filter>Файлы заголовков</Filter>
    </ClInclude>
    <ClInclude Include="inc\Sub.h">
      <Filter>Файлы заголовков</Filter>
    </ClInclude>
    <ClInclude Include="inc\Add.h">
      <Filter>Файлы заголовков</Filter>
    </ClInclude>
    <ClInclude Include="inc\BigMathLib.h">
      <Filter>Файлы заголовков</Filter>
    </ClInclude>
    <ClInclude Include="inc\BNumber.h">
      <Filter>Файлы заголовков</Filter>
    </ClInclude>
    <ClInclude Include="inc\DiffieHellman.h">
      <Filter>Файлы заголовков</Filter>
    </ClInclude>
    <ClInclude Include="inc\Mod.h">
      <Filter>Файлы заголовков</Filter>
    </ClInclude>
    <ClInclude Include="inc\Rand.h">
      <Filter>Файлы заголовков</Filter>
    </ClInclude>
  </ItemGroup>
  <ItemGroup>
    <ClCompile Include="src\Add.c">
      <Filter>Файлы ресурсов</Filter>
    </ClCompile>
    <ClCompile Include="src\Compare.c">
      <Filter>Файлы ресурсов</Filter>
    </ClCompile>
    <ClCompile Include="src\Div.c">
      <Filter>Файлы ресурсов</Filter>
    </ClCompile>
    <ClCompile Include="src\Gcd.c">
      <Filter>Файлы ресурсов</Filter>
    </ClCompile>
    <ClCompile Include="src\Inverse.c">
      <Filter>Файлы ресурсов</Filter>
    </ClCompile>
    <ClCompile Include="src\IOInterface.c">
      <Filter>Файлы ресурсов</Filter>
    </ClCompile>
    <ClCompile Include="src\Mul.c">
      <Filter>Файлы ресурсов</Filter>
    </ClCompile>
    <ClCompile Include="src\NumIO.c">
      <Filter>Файлы ресурсов</Filter>
    </ClCompile>
    <ClCompile Include="src\Shift.c">
      <Filter>Файлы ресурсов</Filter>
    </ClCompile>
    <ClCompile Include="src\Sqrt.c">
      <Filter>Файлы ресурсов</Filter>
    </ClCompile>
    <ClCompile Include="src\Sub.c">
      <Filter>Файлы ресурсов</Filter>
    </ClCompile>
    <ClCompile Include="src\DiffieHellman.c">
      <Filter>Файлы ресурсов</Filter>
    </ClCompile>
    <ClCompile Include="src\Mod.c">
      <Filter>Файлы ресурсов</Filter>
    </ClCompile>
    <ClCompile Include="src\Rand.c">
      <Filter>Файлы ресурсов</Filter>
    </ClCompile>
  </ItemGroup>
</Project>